
Microsoft Visual Studio Solution File, Format Version 12.00
# Visual Studio 15
VisualStudioVersion = 15.0.28010.2050
MinimumVisualStudioVersion = 10.0.40219.1
Project("{FAE04EC0-301F-11D3-BF4B-00C04F79EFBC}") = "ZipFileMaker", "ZipFileMaker\ZipFileMaker.csproj", "{5C47F451-CBC0-417C-A9BD-B1D29354417F}"
EndProject
Global
	GlobalSection(SolutionConfigurationPlatforms) = preSolution
		Debug|Any CPU = Debug|Any CPU
		Release|Any CPU = Release|Any CPU
	EndGlobalSection
	GlobalSection(ProjectConfigurationPlatforms) = postSolution
		{5C47F451-CBC0-417C-A9BD-B1D29354417F}.Debug|Any CPU.ActiveCfg = Debug|Any CPU
		{5C47F451-CBC0-417C-A9BD-B1D29354417F}.Debug|Any CPU.Build.0 = Debug|Any CPU
		{5C47F451-CBC0-417C-A9BD-B1D29354417F}.Release|Any CPU.ActiveCfg = Release|Any CPU
		{5C47F451-CBC0-417C-A9BD-B1D29354417F}.Release|Any CPU.Build.0 = Release|Any CPU
	EndGlobalSection
	GlobalSection(SolutionProperties) = preSolution
		HideSolutionNode = FALSE
	EndGlobalSection
	GlobalSection(ExtensibilityGlobals) = postSolution
		SolutionGuid = {414BF7A5-FD77-4176-AE4F-3FC3139EF78B}
	EndGlobalSection
EndGlobal
